
Microsoft Visual Studio Solution File, Format Version 12.00
# Visual Studio Version 16
VisualStudioVersion = 16.0.30011.22
MinimumVisualStudioVersion = 10.0.40219.1
Project("{FAE04EC0-301F-11D3-BF4B-00C04F79EFBC}") = "LeagueLibrary", "LeagueLibrary\LeagueLibrary.csproj", "{778294F1-1424-446E-937E-07E920FBF7F3}"
EndProject
Project("{FAE04EC0-301F-11D3-BF4B-00C04F79EFBC}") = "LeagueApp", "LeagueApp\LeagueApp.csproj", "{9636C0A2-00F2-4280-9672-77D861454F44}"
EndProject
Global
	GlobalSection(SolutionConfigurationPlatforms) = preSolution
		Debug|Any CPU = Debug|Any CPU
		Release|Any CPU = Release|Any CPU
	EndGlobalSection
	GlobalSection(ProjectConfigurationPlatforms) = postSolution
		{778294F1-1424-446E-937E-07E920FBF7F3}.Debug|Any CPU.ActiveCfg = Debug|Any CPU
		{778294F1-1424-446E-937E-07E920FBF7F3}.Debug|Any CPU.Build.0 = Debug|Any CPU
		{778294F1-1424-446E-937E-07E920FBF7F3}.Release|Any CPU.ActiveCfg = Release|Any CPU
		{778294F1-1424-446E-937E-07E920FBF7F3}.Release|Any CPU.Build.0 = Release|Any CPU
		{9636C0A2-00F2-4280-9672-77D861454F44}.Debug|Any CPU.ActiveCfg = Debug|Any CPU
		{9636C0A2-00F2-4280-9672-77D861454F44}.Debug|Any CPU.Build.0 = Debug|Any CPU
		{9636C0A2-00F2-4280-9672-77D861454F44}.Release|Any CPU.ActiveCfg = Release|Any CPU
		{9636C0A2-00F2-4280-9672-77D861454F44}.Release|Any CPU.Build.0 = Release|Any CPU
	EndGlobalSection
	GlobalSection(SolutionProperties) = preSolution
		HideSolutionNode = FALSE
	EndGlobalSection
	GlobalSection(ExtensibilityGlobals) = postSolution
		SolutionGuid = {B35D06B9-38DC-4B89-B2A3-B0146ACD2295}
	EndGlobalSection
EndGlobal
